// !$*UTF8*$!
{
	archiveVersion = 1;
	classes = {
	};
	objectVersion = 55;
	objects = {

/* Begin PBXBuildFile section */
		22604E8C0C71FCBE98E52A60 /* Pods_seatgeek_iOS.framework in Frameworks */ = {isa = PBXBuildFile; fileRef = FFB6A9424F5C2D7F6D15A522 /* Pods_seatgeek_iOS.framework */; };
		D7D22A452792CD5600E0C8B2 /* APIRouter.swift in Sources */ = {isa = PBXBuildFile; fileRef = D7D22A442792CD5600E0C8B2 /* APIRouter.swift */; };
		D7D22A472792D7CF00E0C8B2 /* NetworkLogger.swift in Sources */ = {isa = PBXBuildFile; fileRef = D7D22A462792D7CF00E0C8B2 /* NetworkLogger.swift */; };
		D7D22A492792D99E00E0C8B2 /* APIManager.swift in Sources */ = {isa = PBXBuildFile; fileRef = D7D22A482792D99E00E0C8B2 /* APIManager.swift */; };
		D7D38394279129E600619C9A /* SelectedEventRepository.swift in Sources */ = {isa = PBXBuildFile; fileRef = D7D38393279129E600619C9A /* SelectedEventRepository.swift */; };
		D7D38396279129FA00619C9A /* SelectedEventRepositoryProtocol.swift in Sources */ = {isa = PBXBuildFile; fileRef = D7D38395279129FA00619C9A /* SelectedEventRepositoryProtocol.swift */; };
		D7D383982791311600619C9A /* AttributedStringConvertible.swift in Sources */ = {isa = PBXBuildFile; fileRef = D7D383972791311600619C9A /* AttributedStringConvertible.swift */; };
		D7D3839A2791313A00619C9A /* TypographyType.swift in Sources */ = {isa = PBXBuildFile; fileRef = D7D383992791313A00619C9A /* TypographyType.swift */; };
		D7D3839C2791316600619C9A /* UIViewStyle.swift in Sources */ = {isa = PBXBuildFile; fileRef = D7D3839B2791316600619C9A /* UIViewStyle.swift */; };
		D7D3839E279131AA00619C9A /* NSMutableAttributedString+Extensions.swift in Sources */ = {isa = PBXBuildFile; fileRef = D7D3839D279131AA00619C9A /* NSMutableAttributedString+Extensions.swift */; };
		D7D383A127914FE200619C9A /* ImageDownloader.swift in Sources */ = {isa = PBXBuildFile; fileRef = D7D383A027914FE200619C9A /* ImageDownloader.swift */; };
		D7D383A327914FF100619C9A /* DesignSystemImageDownloader.swift in Sources */ = {isa = PBXBuildFile; fileRef = D7D383A227914FF100619C9A /* DesignSystemImageDownloader.swift */; };
		D7D383A92791C83900619C9A /* SearchEventRepository.swift in Sources */ = {isa = PBXBuildFile; fileRef = D7D383A82791C83900619C9A /* SearchEventRepository.swift */; };
		D7D383AB2791C84800619C9A /* SearchEventRepositoryProtocol.swift in Sources */ = {isa = PBXBuildFile; fileRef = D7D383AA2791C84800619C9A /* SearchEventRepositoryProtocol.swift */; };
		D7D71E08278FE60000A98AB7 /* AppDelegate.swift in Sources */ = {isa = PBXBuildFile; fileRef = D7D71E07278FE60000A98AB7 /* AppDelegate.swift */; };
		D7D71E0A278FE60000A98AB7 /* SceneDelegate.swift in Sources */ = {isa = PBXBuildFile; fileRef = D7D71E09278FE60000A98AB7 /* SceneDelegate.swift */; };
		D7D71E0C278FE60000A98AB7 /* ViewController.swift in Sources */ = {isa = PBXBuildFile; fileRef = D7D71E0B278FE60000A98AB7 /* ViewController.swift */; };
		D7D71E0F278FE60000A98AB7 /* Main.storyboard in Resources */ = {isa = PBXBuildFile; fileRef = D7D71E0D278FE60000A98AB7 /* Main.storyboard */; };
		D7D71E11278FE60100A98AB7 /* Assets.xcassets in Resources */ = {isa = PBXBuildFile; fileRef = D7D71E10278FE60100A98AB7 /* Assets.xcassets */; };
		D7D71E14278FE60100A98AB7 /* LaunchScreen.storyboard in Resources */ = {isa = PBXBuildFile; fileRef = D7D71E12278FE60100A98AB7 /* LaunchScreen.storyboard */; };
		D7D71E20278FEA6600A98AB7 /* Localizable.strings in Resources */ = {isa = PBXBuildFile; fileRef = D7D71E22278FEA6600A98AB7 /* Localizable.strings */; };
		D7D71E27278FEACC00A98AB7 /* GeneratedAssets.swift in Sources */ = {isa = PBXBuildFile; fileRef = D7D71E24278FEACC00A98AB7 /* GeneratedAssets.swift */; };
		D7D71E28278FEACC00A98AB7 /* GeneratedLocalizableStrings.swift in Sources */ = {isa = PBXBuildFile; fileRef = D7D71E25278FEACC00A98AB7 /* GeneratedLocalizableStrings.swift */; };
		D7D71E29278FEACC00A98AB7 /* Storyboards.swift in Sources */ = {isa = PBXBuildFile; fileRef = D7D71E26278FEACC00A98AB7 /* Storyboards.swift */; };
		D7D71E44278FEEFC00A98AB7 /* EventsList.storyboard in Resources */ = {isa = PBXBuildFile; fileRef = D7D71E2E278FEEFC00A98AB7 /* EventsList.storyboard */; };
		D7D71E46278FEEFC00A98AB7 /* EventsListInteractorOutput.swift in Sources */ = {isa = PBXBuildFile; fileRef = D7D71E30278FEEFC00A98AB7 /* EventsListInteractorOutput.swift */; };
		D7D71E47278FEEFC00A98AB7 /* EventsListPresenter.swift in Sources */ = {isa = PBXBuildFile; fileRef = D7D71E31278FEEFC00A98AB7 /* EventsListPresenter.swift */; };
		D7D71E48278FEEFC00A98AB7 /* EventsListRouter.swift in Sources */ = {isa = PBXBuildFile; fileRef = D7D71E32278FEEFC00A98AB7 /* EventsListRouter.swift */; };
		D7D71E4A278FEEFC00A98AB7 /* EventsListInteractorInput.swift in Sources */ = {isa = PBXBuildFile; fileRef = D7D71E34278FEEFC00A98AB7 /* EventsListInteractorInput.swift */; };
		D7D71E4C278FEEFC00A98AB7 /* EventsListInteractorModuleFactory.swift in Sources */ = {isa = PBXBuildFile; fileRef = D7D71E36278FEEFC00A98AB7 /* EventsListInteractorModuleFactory.swift */; };
		D7D71E4D278FEEFC00A98AB7 /* EventsListTableViewController.swift in Sources */ = {isa = PBXBuildFile; fileRef = D7D71E37278FEEFC00A98AB7 /* EventsListTableViewController.swift */; };
		D7D71E4F278FEEFC00A98AB7 /* EventsListPresenterInput.swift in Sources */ = {isa = PBXBuildFile; fileRef = D7D71E39278FEEFC00A98AB7 /* EventsListPresenterInput.swift */; };
		D7D71E50278FEEFC00A98AB7 /* EventsListInteractorDataSourceProtocol.swift in Sources */ = {isa = PBXBuildFile; fileRef = D7D71E3A278FEEFC00A98AB7 /* EventsListInteractorDataSourceProtocol.swift */; };
		D7D71E51278FEEFC00A98AB7 /* EventsListInteractor.swift in Sources */ = {isa = PBXBuildFile; fileRef = D7D71E3B278FEEFC00A98AB7 /* EventsListInteractor.swift */; };
		D7D71E52278FEEFC00A98AB7 /* EventsListPresenterOutput.swift in Sources */ = {isa = PBXBuildFile; fileRef = D7D71E3C278FEEFC00A98AB7 /* EventsListPresenterOutput.swift */; };
		D7D71E53278FEEFC00A98AB7 /* EventsListInteractorModuleFactoryProtocol.swift in Sources */ = {isa = PBXBuildFile; fileRef = D7D71E3D278FEEFC00A98AB7 /* EventsListInteractorModuleFactoryProtocol.swift */; };
		D7D71E54278FEEFC00A98AB7 /* EventsListModuleFactory.swift in Sources */ = {isa = PBXBuildFile; fileRef = D7D71E3E278FEEFC00A98AB7 /* EventsListModuleFactory.swift */; };
		D7D71E55278FEEFC00A98AB7 /* EventsListRouterProtocol.swift in Sources */ = {isa = PBXBuildFile; fileRef = D7D71E3F278FEEFC00A98AB7 /* EventsListRouterProtocol.swift */; };
		D7D71E58278FEEFC00A98AB7 /* EventsListInteractorDataSource.swift in Sources */ = {isa = PBXBuildFile; fileRef = D7D71E42278FEEFC00A98AB7 /* EventsListInteractorDataSource.swift */; };
		D7D71E5B278FEF5E00A98AB7 /* Loadable.swift in Sources */ = {isa = PBXBuildFile; fileRef = D7D71E5A278FEF5E00A98AB7 /* Loadable.swift */; };
		D7D71E5D278FEF8B00A98AB7 /* Animation.swift in Sources */ = {isa = PBXBuildFile; fileRef = D7D71E5C278FEF8B00A98AB7 /* Animation.swift */; };
		D7D71E60278FEFD800A98AB7 /* UIView+Extensions.swift in Sources */ = {isa = PBXBuildFile; fileRef = D7D71E5F278FEFD800A98AB7 /* UIView+Extensions.swift */; };
		D7D71E7A278FF38700A98AB7 /* EventDetails.storyboard in Resources */ = {isa = PBXBuildFile; fileRef = D7D71E64278FF38700A98AB7 /* EventDetails.storyboard */; };
		D7D71E7C278FF38700A98AB7 /* EventDetailsInteractorOutput.swift in Sources */ = {isa = PBXBuildFile; fileRef = D7D71E66278FF38700A98AB7 /* EventDetailsInteractorOutput.swift */; };
		D7D71E7D278FF38700A98AB7 /* EventDetailsPresenter.swift in Sources */ = {isa = PBXBuildFile; fileRef = D7D71E67278FF38700A98AB7 /* EventDetailsPresenter.swift */; };
		D7D71E7E278FF38700A98AB7 /* EventDetailsRouter.swift in Sources */ = {isa = PBXBuildFile; fileRef = D7D71E68278FF38700A98AB7 /* EventDetailsRouter.swift */; };
		D7D71E80278FF38700A98AB7 /* EventDetailsInteractorInput.swift in Sources */ = {isa = PBXBuildFile; fileRef = D7D71E6A278FF38700A98AB7 /* EventDetailsInteractorInput.swift */; };
		D7D71E82278FF38700A98AB7 /* EventDetailsInteractorModuleFactory.swift in Sources */ = {isa = PBXBuildFile; fileRef = D7D71E6C278FF38700A98AB7 /* EventDetailsInteractorModuleFactory.swift */; };
		D7D71E83278FF38700A98AB7 /* EventDetailsViewController.swift in Sources */ = {isa = PBXBuildFile; fileRef = D7D71E6D278FF38700A98AB7 /* EventDetailsViewController.swift */; };
		D7D71E85278FF38700A98AB7 /* EventDetailsPresenterInput.swift in Sources */ = {isa = PBXBuildFile; fileRef = D7D71E6F278FF38700A98AB7 /* EventDetailsPresenterInput.swift */; };
		D7D71E86278FF38700A98AB7 /* EventDetailsInteractorDataSourceProtocol.swift in Sources */ = {isa = PBXBuildFile; fileRef = D7D71E70278FF38700A98AB7 /* EventDetailsInteractorDataSourceProtocol.swift */; };
		D7D71E87278FF38700A98AB7 /* EventDetailsInteractor.swift in Sources */ = {isa = PBXBuildFile; fileRef = D7D71E71278FF38700A98AB7 /* EventDetailsInteractor.swift */; };
		D7D71E88278FF38700A98AB7 /* EventDetailsPresenterOutput.swift in Sources */ = {isa = PBXBuildFile; fileRef = D7D71E72278FF38700A98AB7 /* EventDetailsPresenterOutput.swift */; };
		D7D71E89278FF38700A98AB7 /* EventDetailsInteractorModuleFactoryProtocol.swift in Sources */ = {isa = PBXBuildFile; fileRef = D7D71E73278FF38700A98AB7 /* EventDetailsInteractorModuleFactoryProtocol.swift */; };
		D7D71E8A278FF38700A98AB7 /* EventDetailsModuleFactory.swift in Sources */ = {isa = PBXBuildFile; fileRef = D7D71E74278FF38700A98AB7 /* EventDetailsModuleFactory.swift */; };
		D7D71E8B278FF38700A98AB7 /* EventDetailsRouterProtocol.swift in Sources */ = {isa = PBXBuildFile; fileRef = D7D71E75278FF38700A98AB7 /* EventDetailsRouterProtocol.swift */; };
		D7D71E8E278FF38700A98AB7 /* EventDetailsInteractorDataSource.swift in Sources */ = {isa = PBXBuildFile; fileRef = D7D71E78278FF38700A98AB7 /* EventDetailsInteractorDataSource.swift */; };
		D7D71E9B2790080F00A98AB7 /* EventTableViewCell.swift in Sources */ = {isa = PBXBuildFile; fileRef = D7D71E992790080F00A98AB7 /* EventTableViewCell.swift */; };
		D7D71E9C2790080F00A98AB7 /* EventTableViewCell.xib in Resources */ = {isa = PBXBuildFile; fileRef = D7D71E9A2790080F00A98AB7 /* EventTableViewCell.xib */; };
		D7D71EA0279009B600A98AB7 /* EventsListAdapter.swift in Sources */ = {isa = PBXBuildFile; fileRef = D7D71E9F279009B600A98AB7 /* EventsListAdapter.swift */; };
		D7D71EA2279009E200A98AB7 /* NetworkWrapper.swift in Sources */ = {isa = PBXBuildFile; fileRef = D7D71EA1279009E200A98AB7 /* NetworkWrapper.swift */; };
		D7D71EA6279051DE00A98AB7 /* APIManagerProtocol.swift in Sources */ = {isa = PBXBuildFile; fileRef = D7D71EA5279051DE00A98AB7 /* APIManagerProtocol.swift */; };
		D7D71EA827906B4800A98AB7 /* Collection+Extensions.swift in Sources */ = {isa = PBXBuildFile; fileRef = D7D71EA727906B4800A98AB7 /* Collection+Extensions.swift */; };
		D7D71EB02790925F00A98AB7 /* EventsListRepositoryResponseProtocol.swift in Sources */ = {isa = PBXBuildFile; fileRef = D7D71EAF2790925F00A98AB7 /* EventsListRepositoryResponseProtocol.swift */; };
		D7D71EB22790926B00A98AB7 /* EventsListRepository.swift in Sources */ = {isa = PBXBuildFile; fileRef = D7D71EB12790926B00A98AB7 /* EventsListRepository.swift */; };
/* End PBXBuildFile section */

/* Begin PBXFileReference section */
		11D14E61CFA0BBC6291F811C /* Pods-seatgeek-iOS.debug.xcconfig */ = {isa = PBXFileReference; includeInIndex = 1; lastKnownFileType = text.xcconfig; name = "Pods-seatgeek-iOS.debug.xcconfig"; path = "Target Support Files/Pods-seatgeek-iOS/Pods-seatgeek-iOS.debug.xcconfig"; sourceTree = "<group>"; };
		5B4909EB14AD96703E4DE4CE /* Pods-seatgeek-iOS.release.xcconfig */ = {isa = PBXFileReference; includeInIndex = 1; lastKnownFileType = text.xcconfig; name = "Pods-seatgeek-iOS.release.xcconfig"; path = "Target Support Files/Pods-seatgeek-iOS/Pods-seatgeek-iOS.release.xcconfig"; sourceTree = "<group>"; };
		D7D22A442792CD5600E0C8B2 /* APIRouter.swift */ = {isa = PBXFileReference; lastKnownFileType = sourcecode.swift; path = APIRouter.swift; sourceTree = "<group>"; };
		D7D22A462792D7CF00E0C8B2 /* NetworkLogger.swift */ = {isa = PBXFileReference; lastKnownFileType = sourcecode.swift; path = NetworkLogger.swift; sourceTree = "<group>"; };
		D7D22A482792D99E00E0C8B2 /* APIManager.swift */ = {isa = PBXFileReference; lastKnownFileType = sourcecode.swift; path = APIManager.swift; sourceTree = "<group>"; };
		D7D38393279129E600619C9A /* SelectedEventRepository.swift */ = {isa = PBXFileReference; lastKnownFileType = sourcecode.swift; path = SelectedEventRepository.swift; sourceTree = "<group>"; };
		D7D38395279129FA00619C9A /* SelectedEventRepositoryProtocol.swift */ = {isa = PBXFileReference; lastKnownFileType = sourcecode.swift; path = SelectedEventRepositoryProtocol.swift; sourceTree = "<group>"; };
		D7D383972791311600619C9A /* AttributedStringConvertible.swift */ = {isa = PBXFileReference; lastKnownFileType = sourcecode.swift; path = AttributedStringConvertible.swift; sourceTree = "<group>"; };
		D7D383992791313A00619C9A /* TypographyType.swift */ = {isa = PBXFileReference; lastKnownFileType = sourcecode.swift; path = TypographyType.swift; sourceTree = "<group>"; };
		D7D3839B2791316600619C9A /* UIViewStyle.swift */ = {isa = PBXFileReference; lastKnownFileType = sourcecode.swift; path = UIViewStyle.swift; sourceTree = "<group>"; };
		D7D3839D279131AA00619C9A /* NSMutableAttributedString+Extensions.swift */ = {isa = PBXFileReference; lastKnownFileType = sourcecode.swift; path = "NSMutableAttributedString+Extensions.swift"; sourceTree = "<group>"; };
		D7D383A027914FE200619C9A /* ImageDownloader.swift */ = {isa = PBXFileReference; lastKnownFileType = sourcecode.swift; path = ImageDownloader.swift; sourceTree = "<group>"; };
		D7D383A227914FF100619C9A /* DesignSystemImageDownloader.swift */ = {isa = PBXFileReference; lastKnownFileType = sourcecode.swift; path = DesignSystemImageDownloader.swift; sourceTree = "<group>"; };
		D7D383A82791C83900619C9A /* SearchEventRepository.swift */ = {isa = PBXFileReference; lastKnownFileType = sourcecode.swift; path = SearchEventRepository.swift; sourceTree = "<group>"; };
		D7D383AA2791C84800619C9A /* SearchEventRepositoryProtocol.swift */ = {isa = PBXFileReference; lastKnownFileType = sourcecode.swift; path = SearchEventRepositoryProtocol.swift; sourceTree = "<group>"; };
		D7D71E04278FE60000A98AB7 /* seatgeek-iOS.app */ = {isa = PBXFileReference; explicitFileType = wrapper.application; includeInIndex = 0; path = "seatgeek-iOS.app"; sourceTree = BUILT_PRODUCTS_DIR; };
		D7D71E07278FE60000A98AB7 /* AppDelegate.swift */ = {isa = PBXFileReference; lastKnownFileType = sourcecode.swift; path = AppDelegate.swift; sourceTree = "<group>"; };
		D7D71E09278FE60000A98AB7 /* SceneDelegate.swift */ = {isa = PBXFileReference; lastKnownFileType = sourcecode.swift; path = SceneDelegate.swift; sourceTree = "<group>"; };
		D7D71E0B278FE60000A98AB7 /* ViewController.swift */ = {isa = PBXFileReference; lastKnownFileType = sourcecode.swift; path = ViewController.swift; sourceTree = "<group>"; };
		D7D71E0E278FE60000A98AB7 /* Base */ = {isa = PBXFileReference; lastKnownFileType = file.storyboard; name = Base; path = Base.lproj/Main.storyboard; sourceTree = "<group>"; };
		D7D71E10278FE60100A98AB7 /* Assets.xcassets */ = {isa = PBXFileReference; lastKnownFileType = folder.assetcatalog; path = Assets.xcassets; sourceTree = "<group>"; };
		D7D71E13278FE60100A98AB7 /* Base */ = {isa = PBXFileReference; lastKnownFileType = file.storyboard; name = Base; path = Base.lproj/LaunchScreen.storyboard; sourceTree = "<group>"; };
		D7D71E15278FE60100A98AB7 /* Info.plist */ = {isa = PBXFileReference; lastKnownFileType = text.plist.xml; path = Info.plist; sourceTree = "<group>"; };
		D7D71E21278FEA6600A98AB7 /* en */ = {isa = PBXFileReference; lastKnownFileType = text.plist.strings; name = en; path = en.lproj/Localizable.strings; sourceTree = "<group>"; };
		D7D71E24278FEACC00A98AB7 /* GeneratedAssets.swift */ = {isa = PBXFileReference; fileEncoding = 4; lastKnownFileType = sourcecode.swift; path = GeneratedAssets.swift; sourceTree = "<group>"; };
		D7D71E25278FEACC00A98AB7 /* GeneratedLocalizableStrings.swift */ = {isa = PBXFileReference; fileEncoding = 4; lastKnownFileType = sourcecode.swift; path = GeneratedLocalizableStrings.swift; sourceTree = "<group>"; };
		D7D71E26278FEACC00A98AB7 /* Storyboards.swift */ = {isa = PBXFileReference; fileEncoding = 4; lastKnownFileType = sourcecode.swift; path = Storyboards.swift; sourceTree = "<group>"; };
		D7D71E2E278FEEFC00A98AB7 /* EventsList.storyboard */ = {isa = PBXFileReference; lastKnownFileType = file.storyboard; path = EventsList.storyboard; sourceTree = "<group>"; };
		D7D71E30278FEEFC00A98AB7 /* EventsListInteractorOutput.swift */ = {isa = PBXFileReference; lastKnownFileType = sourcecode.swift; path = EventsListInteractorOutput.swift; sourceTree = "<group>"; };
		D7D71E31278FEEFC00A98AB7 /* EventsListPresenter.swift */ = {isa = PBXFileReference; lastKnownFileType = sourcecode.swift; path = EventsListPresenter.swift; sourceTree = "<group>"; };
		D7D71E32278FEEFC00A98AB7 /* EventsListRouter.swift */ = {isa = PBXFileReference; lastKnownFileType = sourcecode.swift; path = EventsListRouter.swift; sourceTree = "<group>"; };
		D7D71E34278FEEFC00A98AB7 /* EventsListInteractorInput.swift */ = {isa = PBXFileReference; lastKnownFileType = sourcecode.swift; path = EventsListInteractorInput.swift; sourceTree = "<group>"; };
		D7D71E36278FEEFC00A98AB7 /* EventsListInteractorModuleFactory.swift */ = {isa = PBXFileReference; lastKnownFileType = sourcecode.swift; path = EventsListInteractorModuleFactory.swift; sourceTree = "<group>"; };
		D7D71E37278FEEFC00A98AB7 /* EventsListTableViewController.swift */ = {isa = PBXFileReference; lastKnownFileType = sourcecode.swift; path = EventsListTableViewController.swift; sourceTree = "<group>"; };
		D7D71E39278FEEFC00A98AB7 /* EventsListPresenterInput.swift */ = {isa = PBXFileReference; lastKnownFileType = sourcecode.swift; path = EventsListPresenterInput.swift; sourceTree = "<group>"; };
		D7D71E3A278FEEFC00A98AB7 /* EventsListInteractorDataSourceProtocol.swift */ = {isa = PBXFileReference; lastKnownFileType = sourcecode.swift; path = EventsListInteractorDataSourceProtocol.swift; sourceTree = "<group>"; };
		D7D71E3B278FEEFC00A98AB7 /* EventsListInteractor.swift */ = {isa = PBXFileReference; lastKnownFileType = sourcecode.swift; path = EventsListInteractor.swift; sourceTree = "<group>"; };
		D7D71E3C278FEEFC00A98AB7 /* EventsListPresenterOutput.swift */ = {isa = PBXFileReference; lastKnownFileType = sourcecode.swift; path = EventsListPresenterOutput.swift; sourceTree = "<group>"; };
		D7D71E3D278FEEFC00A98AB7 /* EventsListInteractorModuleFactoryProtocol.swift */ = {isa = PBXFileReference; lastKnownFileType = sourcecode.swift; path = EventsListInteractorModuleFactoryProtocol.swift; sourceTree = "<group>"; };
		D7D71E3E278FEEFC00A98AB7 /* EventsListModuleFactory.swift */ = {isa = PBXFileReference; lastKnownFileType = sourcecode.swift; path = EventsListModuleFactory.swift; sourceTree = "<group>"; };
		D7D71E3F278FEEFC00A98AB7 /* EventsListRouterProtocol.swift */ = {isa = PBXFileReference; lastKnownFileType = sourcecode.swift; path = EventsListRouterProtocol.swift; sourceTree = "<group>"; };
		D7D71E42278FEEFC00A98AB7 /* EventsListInteractorDataSource.swift */ = {isa = PBXFileReference; lastKnownFileType = sourcecode.swift; path = EventsListInteractorDataSource.swift; sourceTree = "<group>"; };
		D7D71E5A278FEF5E00A98AB7 /* Loadable.swift */ = {isa = PBXFileReference; lastKnownFileType = sourcecode.swift; path = Loadable.swift; sourceTree = "<group>"; };
		D7D71E5C278FEF8B00A98AB7 /* Animation.swift */ = {isa = PBXFileReference; lastKnownFileType = sourcecode.swift; path = Animation.swift; sourceTree = "<group>"; };
		D7D71E5F278FEFD800A98AB7 /* UIView+Extensions.swift */ = {isa = PBXFileReference; lastKnownFileType = sourcecode.swift; path = "UIView+Extensions.swift"; sourceTree = "<group>"; };
		D7D71E64278FF38700A98AB7 /* EventDetails.storyboard */ = {isa = PBXFileReference; lastKnownFileType = file.storyboard; path = EventDetails.storyboard; sourceTree = "<group>"; };
		D7D71E66278FF38700A98AB7 /* EventDetailsInteractorOutput.swift */ = {isa = PBXFileReference; lastKnownFileType = sourcecode.swift; path = EventDetailsInteractorOutput.swift; sourceTree = "<group>"; };
		D7D71E67278FF38700A98AB7 /* EventDetailsPresenter.swift */ = {isa = PBXFileReference; lastKnownFileType = sourcecode.swift; path = EventDetailsPresenter.swift; sourceTree = "<group>"; };
		D7D71E68278FF38700A98AB7 /* EventDetailsRouter.swift */ = {isa = PBXFileReference; lastKnownFileType = sourcecode.swift; path = EventDetailsRouter.swift; sourceTree = "<group>"; };
		D7D71E6A278FF38700A98AB7 /* EventDetailsInteractorInput.swift */ = {isa = PBXFileReference; lastKnownFileType = sourcecode.swift; path = EventDetailsInteractorInput.swift; sourceTree = "<group>"; };
		D7D71E6C278FF38700A98AB7 /* EventDetailsInteractorModuleFactory.swift */ = {isa = PBXFileReference; lastKnownFileType = sourcecode.swift; path = EventDetailsInteractorModuleFactory.swift; sourceTree = "<group>"; };
		D7D71E6D278FF38700A98AB7 /* EventDetailsViewController.swift */ = {isa = PBXFileReference; lastKnownFileType = sourcecode.swift; path = EventDetailsViewController.swift; sourceTree = "<group>"; };
		D7D71E6F278FF38700A98AB7 /* EventDetailsPresenterInput.swift */ = {isa = PBXFileReference; lastKnownFileType = sourcecode.swift; path = EventDetailsPresenterInput.swift; sourceTree = "<group>"; };
		D7D71E70278FF38700A98AB7 /* EventDetailsInteractorDataSourceProtocol.swift */ = {isa = PBXFileReference; lastKnownFileType = sourcecode.swift; path = EventDetailsInteractorDataSourceProtocol.swift; sourceTree = "<group>"; };
		D7D71E71278FF38700A98AB7 /* EventDetailsInteractor.swift */ = {isa = PBXFileReference; lastKnownFileType = sourcecode.swift; path = EventDetailsInteractor.swift; sourceTree = "<group>"; };
		D7D71E72278FF38700A98AB7 /* EventDetailsPresenterOutput.swift */ = {isa = PBXFileReference; lastKnownFileType = sourcecode.swift; path = EventDetailsPresenterOutput.swift; sourceTree = "<group>"; };
		D7D71E73278FF38700A98AB7 /* EventDetailsInteractorModuleFactoryProtocol.swift */ = {isa = PBXFileReference; lastKnownFileType = sourcecode.swift; path = EventDetailsInteractorModuleFactoryProtocol.swift; sourceTree = "<group>"; };
		D7D71E74278FF38700A98AB7 /* EventDetailsModuleFactory.swift */ = {isa = PBXFileReference; lastKnownFileType = sourcecode.swift; path = EventDetailsModuleFactory.swift; sourceTree = "<group>"; };
		D7D71E75278FF38700A98AB7 /* EventDetailsRouterProtocol.swift */ = {isa = PBXFileReference; lastKnownFileType = sourcecode.swift; path = EventDetailsRouterProtocol.swift; sourceTree = "<group>"; };
		D7D71E78278FF38700A98AB7 /* EventDetailsInteractorDataSource.swift */ = {isa = PBXFileReference; lastKnownFileType = sourcecode.swift; path = EventDetailsInteractorDataSource.swift; sourceTree = "<group>"; };
		D7D71E992790080F00A98AB7 /* EventTableViewCell.swift */ = {isa = PBXFileReference; lastKnownFileType = sourcecode.swift; path = EventTableViewCell.swift; sourceTree = "<group>"; };
		D7D71E9A2790080F00A98AB7 /* EventTableViewCell.xib */ = {isa = PBXFileReference; lastKnownFileType = file.xib; path = EventTableViewCell.xib; sourceTree = "<group>"; };
		D7D71E9F279009B600A98AB7 /* EventsListAdapter.swift */ = {isa = PBXFileReference; lastKnownFileType = sourcecode.swift; path = EventsListAdapter.swift; sourceTree = "<group>"; };
		D7D71EA1279009E200A98AB7 /* NetworkWrapper.swift */ = {isa = PBXFileReference; lastKnownFileType = sourcecode.swift; path = NetworkWrapper.swift; sourceTree = "<group>"; };
		D7D71EA5279051DE00A98AB7 /* APIManagerProtocol.swift */ = {isa = PBXFileReference; lastKnownFileType = sourcecode.swift; path = APIManagerProtocol.swift; sourceTree = "<group>"; };
		D7D71EA727906B4800A98AB7 /* Collection+Extensions.swift */ = {isa = PBXFileReference; lastKnownFileType = sourcecode.swift; path = "Collection+Extensions.swift"; sourceTree = "<group>"; };
		D7D71EAF2790925F00A98AB7 /* EventsListRepositoryResponseProtocol.swift */ = {isa = PBXFileReference; lastKnownFileType = sourcecode.swift; path = EventsListRepositoryResponseProtocol.swift; sourceTree = "<group>"; };
		D7D71EB12790926B00A98AB7 /* EventsListRepository.swift */ = {isa = PBXFileReference; lastKnownFileType = sourcecode.swift; path = EventsListRepository.swift; sourceTree = "<group>"; };
		FFB6A9424F5C2D7F6D15A522 /* Pods_seatgeek_iOS.framework */ = {isa = PBXFileReference; explicitFileType = wrapper.framework; includeInIndex = 0; path = Pods_seatgeek_iOS.framework; sourceTree = BUILT_PRODUCTS_DIR; };
/* End PBXFileReference section */

/* Begin PBXFrameworksBuildPhase section */
		D7D71E01278FE60000A98AB7 /* Frameworks */ = {
			isa = PBXFrameworksBuildPhase;
			buildActionMask = 2147483647;
			files = (
				22604E8C0C71FCBE98E52A60 /* Pods_seatgeek_iOS.framework in Frameworks */,
			);
			runOnlyForDeploymentPostprocessing = 0;
		};
/* End PBXFrameworksBuildPhase section */

/* Begin PBXGroup section */
		C2D31E58B4AC4D6A0E3BE1D1 /* Pods */ = {
			isa = PBXGroup;
			children = (
				11D14E61CFA0BBC6291F811C /* Pods-seatgeek-iOS.debug.xcconfig */,
				5B4909EB14AD96703E4DE4CE /* Pods-seatgeek-iOS.release.xcconfig */,
			);
			path = Pods;
			sourceTree = "<group>";
		};
		D7D22A4A2792DB3900E0C8B2 /* Models */ = {
			isa = PBXGroup;
			children = (
			);
			path = Models;
			sourceTree = "<group>";
		};
		D7D38392279129D300619C9A /* SelectedEvent */ = {
			isa = PBXGroup;
			children = (
				D7D38393279129E600619C9A /* SelectedEventRepository.swift */,
				D7D38395279129FA00619C9A /* SelectedEventRepositoryProtocol.swift */,
			);
			path = SelectedEvent;
			sourceTree = "<group>";
		};
		D7D3839F27914FD900619C9A /* ImageDownloader */ = {
			isa = PBXGroup;
			children = (
				D7D383A027914FE200619C9A /* ImageDownloader.swift */,
				D7D383A227914FF100619C9A /* DesignSystemImageDownloader.swift */,
			);
			path = ImageDownloader;
			sourceTree = "<group>";
		};
		D7D383A42791542300619C9A /* Router */ = {
			isa = PBXGroup;
			children = (
				D7D71E68278FF38700A98AB7 /* EventDetailsRouter.swift */,
				D7D71E75278FF38700A98AB7 /* EventDetailsRouterProtocol.swift */,
			);
			path = Router;
			sourceTree = "<group>";
		};
		D7D383A52791542D00619C9A /* View */ = {
			isa = PBXGroup;
			children = (
				D7D71E64278FF38700A98AB7 /* EventDetails.storyboard */,
				D7D71E6D278FF38700A98AB7 /* EventDetailsViewController.swift */,
			);
			path = View;
			sourceTree = "<group>";
		};
		D7D383A62791543700619C9A /* Presenter */ = {
			isa = PBXGroup;
			children = (
				D7D71E67278FF38700A98AB7 /* EventDetailsPresenter.swift */,
				D7D71E6F278FF38700A98AB7 /* EventDetailsPresenterInput.swift */,
				D7D71E72278FF38700A98AB7 /* EventDetailsPresenterOutput.swift */,
			);
			path = Presenter;
			sourceTree = "<group>";
		};
		D7D383A72791C81200619C9A /* SearchEvent */ = {
			isa = PBXGroup;
			children = (
				D7D383A82791C83900619C9A /* SearchEventRepository.swift */,
				D7D383AA2791C84800619C9A /* SearchEventRepositoryProtocol.swift */,
			);
			path = SearchEvent;
			sourceTree = "<group>";
		};
		D7D71DFB278FE60000A98AB7 = {
			isa = PBXGroup;
			children = (
				D7D71E06278FE60000A98AB7 /* seatgeek-iOS */,
				D7D71E05278FE60000A98AB7 /* Products */,
				C2D31E58B4AC4D6A0E3BE1D1 /* Pods */,
				ECD562F48FBE5932C5AD3A58 /* Frameworks */,
			);
			sourceTree = "<group>";
		};
		D7D71E05278FE60000A98AB7 /* Products */ = {
			isa = PBXGroup;
			children = (
				D7D71E04278FE60000A98AB7 /* seatgeek-iOS.app */,
			);
			name = Products;
			sourceTree = "<group>";
		};
		D7D71E06278FE60000A98AB7 /* seatgeek-iOS */ = {
			isa = PBXGroup;
			children = (
				D7D71E9D279008B600A98AB7 /* Repositories */,
				D7D71E97278FFF8800A98AB7 /* Data Proxy */,
				D7D71E2A278FEDA300A98AB7 /* Modules */,
				D7D71E59278FEF3F00A98AB7 /* Common */,
				D7D71E1C278FEA2600A98AB7 /* Resources */,
				D7D71E1B278FEA1D00A98AB7 /* Generated */,
				D7D71E07278FE60000A98AB7 /* AppDelegate.swift */,
				D7D71E09278FE60000A98AB7 /* SceneDelegate.swift */,
				D7D71E0B278FE60000A98AB7 /* ViewController.swift */,
				D7D71E0D278FE60000A98AB7 /* Main.storyboard */,
				D7D71E12278FE60100A98AB7 /* LaunchScreen.storyboard */,
				D7D71E15278FE60100A98AB7 /* Info.plist */,
			);
			path = "seatgeek-iOS";
			sourceTree = "<group>";
		};
		D7D71E1B278FEA1D00A98AB7 /* Generated */ = {
			isa = PBXGroup;
			children = (
				D7D71E24278FEACC00A98AB7 /* GeneratedAssets.swift */,
				D7D71E25278FEACC00A98AB7 /* GeneratedLocalizableStrings.swift */,
				D7D71E26278FEACC00A98AB7 /* Storyboards.swift */,
			);
			path = Generated;
			sourceTree = "<group>";
		};
		D7D71E1C278FEA2600A98AB7 /* Resources */ = {
			isa = PBXGroup;
			children = (
				D7D71E1D278FEA5200A98AB7 /* Localizable */,
				D7D71E10278FE60100A98AB7 /* Assets.xcassets */,
			);
			path = Resources;
			sourceTree = "<group>";
		};
		D7D71E1D278FEA5200A98AB7 /* Localizable */ = {
			isa = PBXGroup;
			children = (
				D7D71E22278FEA6600A98AB7 /* Localizable.strings */,
			);
			path = Localizable;
			sourceTree = "<group>";
		};
		D7D71E2A278FEDA300A98AB7 /* Modules */ = {
			isa = PBXGroup;
			children = (
				D7D71E2B278FEDAB00A98AB7 /* EventsList */,
				D7D71E2C278FEECD00A98AB7 /* EventDetails */,
			);
			path = Modules;
			sourceTree = "<group>";
		};
		D7D71E2B278FEDAB00A98AB7 /* EventsList */ = {
			isa = PBXGroup;
			children = (
				D7D71E3E278FEEFC00A98AB7 /* EventsListModuleFactory.swift */,
				D7D71E62278FF10E00A98AB7 /* Business logic */,
				D7D71E61278FF0CA00A98AB7 /* User interface */,
			);
			path = EventsList;
			sourceTree = "<group>";
		};
		D7D71E2C278FEECD00A98AB7 /* EventDetails */ = {
			isa = PBXGroup;
			children = (
				D7D71E74278FF38700A98AB7 /* EventDetailsModuleFactory.swift */,
				D7D71E90278FF3D000A98AB7 /* Business logic */,
				D7D71E8F278FF3A100A98AB7 /* User interface */,
			);
			path = EventDetails;
			sourceTree = "<group>";
		};
		D7D71E59278FEF3F00A98AB7 /* Common */ = {
			isa = PBXGroup;
			children = (
				D7D3839F27914FD900619C9A /* ImageDownloader */,
				D7D71E5E278FEFC700A98AB7 /* Extensions */,
				D7D71E5A278FEF5E00A98AB7 /* Loadable.swift */,
				D7D71E5C278FEF8B00A98AB7 /* Animation.swift */,
				D7D383972791311600619C9A /* AttributedStringConvertible.swift */,
				D7D383992791313A00619C9A /* TypographyType.swift */,
				D7D3839B2791316600619C9A /* UIViewStyle.swift */,
			);
			path = Common;
			sourceTree = "<group>";
		};
		D7D71E5E278FEFC700A98AB7 /* Extensions */ = {
			isa = PBXGroup;
			children = (
				D7D71E5F278FEFD800A98AB7 /* UIView+Extensions.swift */,
				D7D71EA727906B4800A98AB7 /* Collection+Extensions.swift */,
				D7D3839D279131AA00619C9A /* NSMutableAttributedString+Extensions.swift */,
			);
			path = Extensions;
			sourceTree = "<group>";
		};
		D7D71E61278FF0CA00A98AB7 /* User interface */ = {
			isa = PBXGroup;
			children = (
				D7D71E91278FF8EC00A98AB7 /* Presenter */,
				D7D71E93278FF8FE00A98AB7 /* View */,
				D7D71E92278FF8F600A98AB7 /* Router */,
			);
			path = "User interface";
			sourceTree = "<group>";
		};
		D7D71E62278FF10E00A98AB7 /* Business logic */ = {
			isa = PBXGroup;
			children = (
				D7D71E96278FF9CF00A98AB7 /* Module factory */,
				D7D71E94278FF9B200A98AB7 /* Interactor */,
				D7D71E95278FF9C200A98AB7 /* Datasource */,
			);
			path = "Business logic";
			sourceTree = "<group>";
		};
		D7D71E8F278FF3A100A98AB7 /* User interface */ = {
			isa = PBXGroup;
			children = (
				D7D383A62791543700619C9A /* Presenter */,
				D7D383A52791542D00619C9A /* View */,
				D7D383A42791542300619C9A /* Router */,
			);
			path = "User interface";
			sourceTree = "<group>";
		};
		D7D71E90278FF3D000A98AB7 /* Business logic */ = {
			isa = PBXGroup;
			children = (
				D7D71EAA27908F3700A98AB7 /* Interactor */,
				D7D71EAB27908F4600A98AB7 /* Module factory */,
				D7D71EA927908F2200A98AB7 /* Datasource */,
			);
			path = "Business logic";
			sourceTree = "<group>";
		};
		D7D71E91278FF8EC00A98AB7 /* Presenter */ = {
			isa = PBXGroup;
			children = (
				D7D71E31278FEEFC00A98AB7 /* EventsListPresenter.swift */,
				D7D71E39278FEEFC00A98AB7 /* EventsListPresenterInput.swift */,
				D7D71E3C278FEEFC00A98AB7 /* EventsListPresenterOutput.swift */,
			);
			path = Presenter;
			sourceTree = "<group>";
		};
		D7D71E92278FF8F600A98AB7 /* Router */ = {
			isa = PBXGroup;
			children = (
				D7D71E32278FEEFC00A98AB7 /* EventsListRouter.swift */,
				D7D71E3F278FEEFC00A98AB7 /* EventsListRouterProtocol.swift */,
			);
			path = Router;
			sourceTree = "<group>";
		};
		D7D71E93278FF8FE00A98AB7 /* View */ = {
			isa = PBXGroup;
			children = (
				D7D71E98279007E000A98AB7 /* EventTableViewCell */,
				D7D71E2E278FEEFC00A98AB7 /* EventsList.storyboard */,
				D7D71E37278FEEFC00A98AB7 /* EventsListTableViewController.swift */,
			);
			path = View;
			sourceTree = "<group>";
		};
		D7D71E94278FF9B200A98AB7 /* Interactor */ = {
			isa = PBXGroup;
			children = (
				D7D71E30278FEEFC00A98AB7 /* EventsListInteractorOutput.swift */,
				D7D71E34278FEEFC00A98AB7 /* EventsListInteractorInput.swift */,
				D7D71E3B278FEEFC00A98AB7 /* EventsListInteractor.swift */,
			);
			path = Interactor;
			sourceTree = "<group>";
		};
		D7D71E95278FF9C200A98AB7 /* Datasource */ = {
			isa = PBXGroup;
			children = (
				D7D71E3A278FEEFC00A98AB7 /* EventsListInteractorDataSourceProtocol.swift */,
				D7D71E42278FEEFC00A98AB7 /* EventsListInteractorDataSource.swift */,
			);
			path = Datasource;
			sourceTree = "<group>";
		};
		D7D71E96278FF9CF00A98AB7 /* Module factory */ = {
			isa = PBXGroup;
			children = (
				D7D71E36278FEEFC00A98AB7 /* EventsListInteractorModuleFactory.swift */,
				D7D71E3D278FEEFC00A98AB7 /* EventsListInteractorModuleFactoryProtocol.swift */,
			);
			path = "Module factory";
			sourceTree = "<group>";
		};
		D7D71E97278FFF8800A98AB7 /* Data Proxy */ = {
			isa = PBXGroup;
			children = (
				D7D22A4A2792DB3900E0C8B2 /* Models */,
				D7D71EAC2790920700A98AB7 /* Adapters */,
				D7D71EAD2790921100A98AB7 /* Wrapper */,
				D7D22A442792CD5600E0C8B2 /* APIRouter.swift */,
				D7D22A462792D7CF00E0C8B2 /* NetworkLogger.swift */,
				D7D22A482792D99E00E0C8B2 /* APIManager.swift */,
			);
			name = "Data Proxy";
			sourceTree = "<group>";
		};
		D7D71E98279007E000A98AB7 /* EventTableViewCell */ = {
			isa = PBXGroup;
			children = (
				D7D71E992790080F00A98AB7 /* EventTableViewCell.swift */,
				D7D71E9A2790080F00A98AB7 /* EventTableViewCell.xib */,
			);
			path = EventTableViewCell;
			sourceTree = "<group>";
		};
		D7D71E9D279008B600A98AB7 /* Repositories */ = {
			isa = PBXGroup;
			children = (
				D7D383A72791C81200619C9A /* SearchEvent */,
				D7D38392279129D300619C9A /* SelectedEvent */,
				D7D71EAE2790925000A98AB7 /* EventsList */,
			);
			path = Repositories;
			sourceTree = "<group>";
		};
		D7D71E9E279008CA00A98AB7 /* EventsList */ = {
			isa = PBXGroup;
			children = (
				D7D71E9F279009B600A98AB7 /* EventsListAdapter.swift */,
				D7D71EA5279051DE00A98AB7 /* APIManagerProtocol.swift */,
			);
			path = EventsList;
			sourceTree = "<group>";
		};
		D7D71EA927908F2200A98AB7 /* Datasource */ = {
			isa = PBXGroup;
			children = (
				D7D71E70278FF38700A98AB7 /* EventDetailsInteractorDataSourceProtocol.swift */,
				D7D71E78278FF38700A98AB7 /* EventDetailsInteractorDataSource.swift */,
			);
			path = Datasource;
			sourceTree = "<group>";
		};
		D7D71EAA27908F3700A98AB7 /* Interactor */ = {
			isa = PBXGroup;
			children = (
				D7D71E66278FF38700A98AB7 /* EventDetailsInteractorOutput.swift */,
				D7D71E6A278FF38700A98AB7 /* EventDetailsInteractorInput.swift */,
				D7D71E71278FF38700A98AB7 /* EventDetailsInteractor.swift */,
			);
			path = Interactor;
			sourceTree = "<group>";
		};
		D7D71EAB27908F4600A98AB7 /* Module factory */ = {
			isa = PBXGroup;
			children = (
				D7D71E6C278FF38700A98AB7 /* EventDetailsInteractorModuleFactory.swift */,
				D7D71E73278FF38700A98AB7 /* EventDetailsInteractorModuleFactoryProtocol.swift */,
			);
			path = "Module factory";
			sourceTree = "<group>";
		};
		D7D71EAC2790920700A98AB7 /* Adapters */ = {
			isa = PBXGroup;
			children = (
				D7D71E9E279008CA00A98AB7 /* EventsList */,
			);
			path = Adapters;
			sourceTree = "<group>";
		};
		D7D71EAD2790921100A98AB7 /* Wrapper */ = {
			isa = PBXGroup;
			children = (
				D7D71EA1279009E200A98AB7 /* NetworkWrapper.swift */,
			);
			path = Wrapper;
			sourceTree = "<group>";
		};
		D7D71EAE2790925000A98AB7 /* EventsList */ = {
			isa = PBXGroup;
			children = (
				D7D71EB12790926B00A98AB7 /* EventsListRepository.swift */,
				D7D71EAF2790925F00A98AB7 /* EventsListRepositoryResponseProtocol.swift */,
			);
			path = EventsList;
			sourceTree = "<group>";
		};
		ECD562F48FBE5932C5AD3A58 /* Frameworks */ = {
			isa = PBXGroup;
			children = (
				FFB6A9424F5C2D7F6D15A522 /* Pods_seatgeek_iOS.framework */,
			);
			name = Frameworks;
			sourceTree = "<group>";
		};
/* End PBXGroup section */

/* Begin PBXNativeTarget section */
		D7D71E03278FE60000A98AB7 /* seatgeek-iOS */ = {
			isa = PBXNativeTarget;
			buildConfigurationList = D7D71E18278FE60100A98AB7 /* Build configuration list for PBXNativeTarget "seatgeek-iOS" */;
			buildPhases = (
				D89C30520A2DCF3754504EBE /* [CP] Check Pods Manifest.lock */,
				D7D71E00278FE60000A98AB7 /* Sources */,
				D7D71E01278FE60000A98AB7 /* Frameworks */,
				D7D71E02278FE60000A98AB7 /* Resources */,
				B004A02D78E5F8882946394D /* [CP] Embed Pods Frameworks */,
				D7D71E23278FEA7200A98AB7 /* swiftgen */,
			);
			buildRules = (
			);
			dependencies = (
			);
			name = "seatgeek-iOS";
			productName = "seatgeek-iOS";
			productReference = D7D71E04278FE60000A98AB7 /* seatgeek-iOS.app */;
			productType = "com.apple.product-type.application";
		};
/* End PBXNativeTarget section */

/* Begin PBXProject section */
		D7D71DFC278FE60000A98AB7 /* Project object */ = {
			isa = PBXProject;
			attributes = {
				BuildIndependentTargetsInParallel = 1;
				LastSwiftUpdateCheck = 1310;
				LastUpgradeCheck = 1310;
				TargetAttributes = {
					D7D71E03278FE60000A98AB7 = {
						CreatedOnToolsVersion = 13.1;
					};
				};
			};
			buildConfigurationList = D7D71DFF278FE60000A98AB7 /* Build configuration list for PBXProject "seatgeek-iOS" */;
			compatibilityVersion = "Xcode 13.0";
			developmentRegion = en;
			hasScannedForEncodings = 0;
			knownRegions = (
				en,
				Base,
			);
			mainGroup = D7D71DFB278FE60000A98AB7;
			productRefGroup = D7D71E05278FE60000A98AB7 /* Products */;
			projectDirPath = "";
			projectRoot = "";
			targets = (
				D7D71E03278FE60000A98AB7 /* seatgeek-iOS */,
			);
		};
/* End PBXProject section */

/* Begin PBXResourcesBuildPhase section */
		D7D71E02278FE60000A98AB7 /* Resources */ = {
			isa = PBXResourcesBuildPhase;
			buildActionMask = 2147483647;
			files = (
				D7D71E7A278FF38700A98AB7 /* EventDetails.storyboard in Resources */,
				D7D71E14278FE60100A98AB7 /* LaunchScreen.storyboard in Resources */,
				D7D71E20278FEA6600A98AB7 /* Localizable.strings in Resources */,
				D7D71E11278FE60100A98AB7 /* Assets.xcassets in Resources */,
				D7D71E0F278FE60000A98AB7 /* Main.storyboard in Resources */,
				D7D71E44278FEEFC00A98AB7 /* EventsList.storyboard in Resources */,
				D7D71E9C2790080F00A98AB7 /* EventTableViewCell.xib in Resources */,
			);
			runOnlyForDeploymentPostprocessing = 0;
		};
/* End PBXResourcesBuildPhase section */

/* Begin PBXShellScriptBuildPhase section */
		B004A02D78E5F8882946394D /* [CP] Embed Pods Frameworks */ = {
			isa = PBXShellScriptBuildPhase;
			buildActionMask = 2147483647;
			files = (
			);
			inputFileListPaths = (
				"${PODS_ROOT}/Target Support Files/Pods-seatgeek-iOS/Pods-seatgeek-iOS-frameworks-${CONFIGURATION}-input-files.xcfilelist",
			);
			name = "[CP] Embed Pods Frameworks";
			outputFileListPaths = (
				"${PODS_ROOT}/Target Support Files/Pods-seatgeek-iOS/Pods-seatgeek-iOS-frameworks-${CONFIGURATION}-output-files.xcfilelist",
			);
			runOnlyForDeploymentPostprocessing = 0;
			shellPath = /bin/sh;
			shellScript = "\"${PODS_ROOT}/Target Support Files/Pods-seatgeek-iOS/Pods-seatgeek-iOS-frameworks.sh\"\n";
			showEnvVarsInLog = 0;
		};
		D7D71E23278FEA7200A98AB7 /* swiftgen */ = {
			isa = PBXShellScriptBuildPhase;
			buildActionMask = 2147483647;
			files = (
			);
			inputFileListPaths = (
			);
			inputPaths = (
			);
			name = swiftgen;
			outputFileListPaths = (
			);
			outputPaths = (
			);
			runOnlyForDeploymentPostprocessing = 0;
			shellPath = /bin/sh;
			shellScript = "# Type a script or drag a script file from your workspace to insert its path.\n./Scripts/swiftgen.sh\n";
		};
		D89C30520A2DCF3754504EBE /* [CP] Check Pods Manifest.lock */ = {
			isa = PBXShellScriptBuildPhase;
			buildActionMask = 2147483647;
			files = (
			);
			inputFileListPaths = (
			);
			inputPaths = (
				"${PODS_PODFILE_DIR_PATH}/Podfile.lock",
				"${PODS_ROOT}/Manifest.lock",
			);
			name = "[CP] Check Pods Manifest.lock";
			outputFileListPaths = (
			);
			outputPaths = (
				"$(DERIVED_FILE_DIR)/Pods-seatgeek-iOS-checkManifestLockResult.txt",
			);
			runOnlyForDeploymentPostprocessing = 0;
			shellPath = /bin/sh;
			shellScript = "diff \"${PODS_PODFILE_DIR_PATH}/Podfile.lock\" \"${PODS_ROOT}/Manifest.lock\" > /dev/null\nif [ $? != 0 ] ; then\n    # print error to STDERR\n    echo \"error: The sandbox is not in sync with the Podfile.lock. Run 'pod install' or update your CocoaPods installation.\" >&2\n    exit 1\nfi\n# This output is used by Xcode 'outputs' to avoid re-running this script phase.\necho \"SUCCESS\" > \"${SCRIPT_OUTPUT_FILE_0}\"\n";
			showEnvVarsInLog = 0;
		};
/* End PBXShellScriptBuildPhase section */

/* Begin PBXSourcesBuildPhase section */
		D7D71E00278FE60000A98AB7 /* Sources */ = {
			isa = PBXSourcesBuildPhase;
			buildActionMask = 2147483647;
			files = (
				D7D22A472792D7CF00E0C8B2 /* NetworkLogger.swift in Sources */,
				D7D38394279129E600619C9A /* SelectedEventRepository.swift in Sources */,
				D7D38396279129FA00619C9A /* SelectedEventRepositoryProtocol.swift in Sources */,
				D7D71E5B278FEF5E00A98AB7 /* Loadable.swift in Sources */,
				D7D383A327914FF100619C9A /* DesignSystemImageDownloader.swift in Sources */,
				D7D71E4C278FEEFC00A98AB7 /* EventsListInteractorModuleFactory.swift in Sources */,
				D7D3839E279131AA00619C9A /* NSMutableAttributedString+Extensions.swift in Sources */,
				D7D71E29278FEACC00A98AB7 /* Storyboards.swift in Sources */,
				D7D71E47278FEEFC00A98AB7 /* EventsListPresenter.swift in Sources */,
				D7D71E0C278FE60000A98AB7 /* ViewController.swift in Sources */,
				D7D71E82278FF38700A98AB7 /* EventDetailsInteractorModuleFactory.swift in Sources */,
				D7D71E58278FEEFC00A98AB7 /* EventsListInteractorDataSource.swift in Sources */,
				D7D383A127914FE200619C9A /* ImageDownloader.swift in Sources */,
				D7D71E55278FEEFC00A98AB7 /* EventsListRouterProtocol.swift in Sources */,
				D7D71E88278FF38700A98AB7 /* EventDetailsPresenterOutput.swift in Sources */,
				D7D71E7C278FF38700A98AB7 /* EventDetailsInteractorOutput.swift in Sources */,
				D7D383982791311600619C9A /* AttributedStringConvertible.swift in Sources */,
				D7D71EB22790926B00A98AB7 /* EventsListRepository.swift in Sources */,
				D7D71EA6279051DE00A98AB7 /* APIManagerProtocol.swift in Sources */,
				D7D71E83278FF38700A98AB7 /* EventDetailsViewController.swift in Sources */,
				D7D71E48278FEEFC00A98AB7 /* EventsListRouter.swift in Sources */,
				D7D71E60278FEFD800A98AB7 /* UIView+Extensions.swift in Sources */,
				D7D71E8B278FF38700A98AB7 /* EventDetailsRouterProtocol.swift in Sources */,
				D7D71EB02790925F00A98AB7 /* EventsListRepositoryResponseProtocol.swift in Sources */,
				D7D383A92791C83900619C9A /* SearchEventRepository.swift in Sources */,
				D7D71E7D278FF38700A98AB7 /* EventDetailsPresenter.swift in Sources */,
				D7D3839C2791316600619C9A /* UIViewStyle.swift in Sources */,
				D7D71E80278FF38700A98AB7 /* EventDetailsInteractorInput.swift in Sources */,
				D7D71E86278FF38700A98AB7 /* EventDetailsInteractorDataSourceProtocol.swift in Sources */,
				D7D71EA0279009B600A98AB7 /* EventsListAdapter.swift in Sources */,
				D7D3839A2791313A00619C9A /* TypographyType.swift in Sources */,
				D7D71EA2279009E200A98AB7 /* NetworkWrapper.swift in Sources */,
				D7D71E4A278FEEFC00A98AB7 /* EventsListInteractorInput.swift in Sources */,
				D7D71E4F278FEEFC00A98AB7 /* EventsListPresenterInput.swift in Sources */,
				D7D71E89278FF38700A98AB7 /* EventDetailsInteractorModuleFactoryProtocol.swift in Sources */,
				D7D71EA827906B4800A98AB7 /* Collection+Extensions.swift in Sources */,
				D7D71E08278FE60000A98AB7 /* AppDelegate.swift in Sources */,
				D7D71E4D278FEEFC00A98AB7 /* EventsListTableViewController.swift in Sources */,
				D7D71E8A278FF38700A98AB7 /* EventDetailsModuleFactory.swift in Sources */,
				D7D22A492792D99E00E0C8B2 /* APIManager.swift in Sources */,
				D7D71E7E278FF38700A98AB7 /* EventDetailsRouter.swift in Sources */,
				D7D71E28278FEACC00A98AB7 /* GeneratedLocalizableStrings.swift in Sources */,
				D7D71E52278FEEFC00A98AB7 /* EventsListPresenterOutput.swift in Sources */,
				D7D71E8E278FF38700A98AB7 /* EventDetailsInteractorDataSource.swift in Sources */,
				D7D71E54278FEEFC00A98AB7 /* EventsListModuleFactory.swift in Sources */,
				D7D71E5D278FEF8B00A98AB7 /* Animation.swift in Sources */,
				D7D71E87278FF38700A98AB7 /* EventDetailsInteractor.swift in Sources */,
				D7D71E9B2790080F00A98AB7 /* EventTableViewCell.swift in Sources */,
				D7D383AB2791C84800619C9A /* SearchEventRepositoryProtocol.swift in Sources */,
				D7D71E27278FEACC00A98AB7 /* GeneratedAssets.swift in Sources */,
				D7D71E46278FEEFC00A98AB7 /* EventsListInteractorOutput.swift in Sources */,
				D7D71E0A278FE60000A98AB7 /* SceneDelegate.swift in Sources */,
				D7D71E53278FEEFC00A98AB7 /* EventsListInteractorModuleFactoryProtocol.swift in Sources */,
				D7D22A452792CD5600E0C8B2 /* APIRouter.swift in Sources */,
				D7D71E51278FEEFC00A98AB7 /* EventsListInteractor.swift in Sources */,
				D7D71E85278FF38700A98AB7 /* EventDetailsPresenterInput.swift in Sources */,
				D7D71E50278FEEFC00A98AB7 /* EventsListInteractorDataSourceProtocol.swift in Sources */,
			);
			runOnlyForDeploymentPostprocessing = 0;
		};
/* End PBXSourcesBuildPhase section */

/* Begin PBXVariantGroup section */
		D7D71E0D278FE60000A98AB7 /* Main.storyboard */ = {
			isa = PBXVariantGroup;
			children = (
				D7D71E0E278FE60000A98AB7 /* Base */,
			);
			name = Main.storyboard;
			sourceTree = "<group>";
		};
		D7D71E12278FE60100A98AB7 /* LaunchScreen.storyboard */ = {
			isa = PBXVariantGroup;
			children = (
				D7D71E13278FE60100A98AB7 /* Base */,
			);
			name = LaunchScreen.storyboard;
			sourceTree = "<group>";
		};
		D7D71E22278FEA6600A98AB7 /* Localizable.strings */ = {
			isa = PBXVariantGroup;
			children = (
				D7D71E21278FEA6600A98AB7 /* en */,
			);
			name = Localizable.strings;
			sourceTree = "<group>";
		};
/* End PBXVariantGroup section */

/* Begin XCBuildConfiguration section */
		D7D71E16278FE60100A98AB7 /* Debug */ = {
			isa = XCBuildConfiguration;
			buildSettings = {
				ALWAYS_SEARCH_USER_PATHS = NO;
				CLANG_ANALYZER_NONNULL = YES;
				CLANG_ANALYZER_NUMBER_OBJECT_CONVERSION = YES_AGGRESSIVE;
				CLANG_CXX_LANGUAGE_STANDARD = "gnu++17";
				CLANG_CXX_LIBRARY = "libc++";
				CLANG_ENABLE_MODULES = YES;
				CLANG_ENABLE_OBJC_ARC = YES;
				CLANG_ENABLE_OBJC_WEAK = YES;
				CLANG_WARN_BLOCK_CAPTURE_AUTORELEASING = YES;
				CLANG_WARN_BOOL_CONVERSION = YES;
				CLANG_WARN_COMMA = YES;
				CLANG_WARN_CONSTANT_CONVERSION = YES;
				CLANG_WARN_DEPRECATED_OBJC_IMPLEMENTATIONS = YES;
				CLANG_WARN_DIRECT_OBJC_ISA_USAGE = YES_ERROR;
				CLANG_WARN_DOCUMENTATION_COMMENTS = YES;
				CLANG_WARN_EMPTY_BODY = YES;
				CLANG_WARN_ENUM_CONVERSION = YES;
				CLANG_WARN_INFINITE_RECURSION = YES;
				CLANG_WARN_INT_CONVERSION = YES;
				CLANG_WARN_NON_LITERAL_NULL_CONVERSION = YES;
				CLANG_WARN_OBJC_IMPLICIT_RETAIN_SELF = YES;
				CLANG_WARN_OBJC_LITERAL_CONVERSION = YES;
				CLANG_WARN_OBJC_ROOT_CLASS = YES_ERROR;
				CLANG_WARN_QUOTED_INCLUDE_IN_FRAMEWORK_HEADER = YES;
				CLANG_WARN_RANGE_LOOP_ANALYSIS = YES;
				CLANG_WARN_STRICT_PROTOTYPES = YES;
				CLANG_WARN_SUSPICIOUS_MOVE = YES;
				CLANG_WARN_UNGUARDED_AVAILABILITY = YES_AGGRESSIVE;
				CLANG_WARN_UNREACHABLE_CODE = YES;
				CLANG_WARN__DUPLICATE_METHOD_MATCH = YES;
				COPY_PHASE_STRIP = NO;
				DEBUG_INFORMATION_FORMAT = dwarf;
				ENABLE_STRICT_OBJC_MSGSEND = YES;
				ENABLE_TESTABILITY = YES;
				GCC_C_LANGUAGE_STANDARD = gnu11;
				GCC_DYNAMIC_NO_PIC = NO;
				GCC_NO_COMMON_BLOCKS = YES;
				GCC_OPTIMIZATION_LEVEL = 0;
				GCC_PREPROCESSOR_DEFINITIONS = (
					"DEBUG=1",
					"$(inherited)",
				);
				GCC_WARN_64_TO_32_BIT_CONVERSION = YES;
				GCC_WARN_ABOUT_RETURN_TYPE = YES_ERROR;
				GCC_WARN_UNDECLARED_SELECTOR = YES;
				GCC_WARN_UNINITIALIZED_AUTOS = YES_AGGRESSIVE;
				GCC_WARN_UNUSED_FUNCTION = YES;
				GCC_WARN_UNUSED_VARIABLE = YES;
				IPHONEOS_DEPLOYMENT_TARGET = 15.0;
				MTL_ENABLE_DEBUG_INFO = INCLUDE_SOURCE;
				MTL_FAST_MATH = YES;
				ONLY_ACTIVE_ARCH = YES;
				SDKROOT = iphoneos;
				SWIFT_ACTIVE_COMPILATION_CONDITIONS = DEBUG;
				SWIFT_OPTIMIZATION_LEVEL = "-Onone";
			};
			name = Debug;
		};
		D7D71E17278FE60100A98AB7 /* Release */ = {
			isa = XCBuildConfiguration;
			buildSettings = {
				ALWAYS_SEARCH_USER_PATHS = NO;
				CLANG_ANALYZER_NONNULL = YES;
				CLANG_ANALYZER_NUMBER_OBJECT_CONVERSION = YES_AGGRESSIVE;
				CLANG_CXX_LANGUAGE_STANDARD = "gnu++17";
				CLANG_CXX_LIBRARY = "libc++";
				CLANG_ENABLE_MODULES = YES;
				CLANG_ENABLE_OBJC_ARC = YES;
				CLANG_ENABLE_OBJC_WEAK = YES;
				CLANG_WARN_BLOCK_CAPTURE_AUTORELEASING = YES;
				CLANG_WARN_BOOL_CONVERSION = YES;
				CLANG_WARN_COMMA = YES;
				CLANG_WARN_CONSTANT_CONVERSION = YES;
				CLANG_WARN_DEPRECATED_OBJC_IMPLEMENTATIONS = YES;
				CLANG_WARN_DIRECT_OBJC_ISA_USAGE = YES_ERROR;
				CLANG_WARN_DOCUMENTATION_COMMENTS = YES;
				CLANG_WARN_EMPTY_BODY = YES;
				CLANG_WARN_ENUM_CONVERSION = YES;
				CLANG_WARN_INFINITE_RECURSION = YES;
				CLANG_WARN_INT_CONVERSION = YES;
				CLANG_WARN_NON_LITERAL_NULL_CONVERSION = YES;
				CLANG_WARN_OBJC_IMPLICIT_RETAIN_SELF = YES;
				CLANG_WARN_OBJC_LITERAL_CONVERSION = YES;
				CLANG_WARN_OBJC_ROOT_CLASS = YES_ERROR;
				CLANG_WARN_QUOTED_INCLUDE_IN_FRAMEWORK_HEADER = YES;
				CLANG_WARN_RANGE_LOOP_ANALYSIS = YES;
				CLANG_WARN_STRICT_PROTOTYPES = YES;
				CLANG_WARN_SUSPICIOUS_MOVE = YES;
				CLANG_WARN_UNGUARDED_AVAILABILITY = YES_AGGRESSIVE;
				CLANG_WARN_UNREACHABLE_CODE = YES;
				CLANG_WARN__DUPLICATE_METHOD_MATCH = YES;
				COPY_PHASE_STRIP = NO;
				DEBUG_INFORMATION_FORMAT = "dwarf-with-dsym";
				ENABLE_NS_ASSERTIONS = NO;
				ENABLE_STRICT_OBJC_MSGSEND = YES;
				GCC_C_LANGUAGE_STANDARD = gnu11;
				GCC_NO_COMMON_BLOCKS = YES;
				GCC_WARN_64_TO_32_BIT_CONVERSION = YES;
				GCC_WARN_ABOUT_RETURN_TYPE = YES_ERROR;
				GCC_WARN_UNDECLARED_SELECTOR = YES;
				GCC_WARN_UNINITIALIZED_AUTOS = YES_AGGRESSIVE;
				GCC_WARN_UNUSED_FUNCTION = YES;
				GCC_WARN_UNUSED_VARIABLE = YES;
				IPHONEOS_DEPLOYMENT_TARGET = 15.0;
				MTL_ENABLE_DEBUG_INFO = NO;
				MTL_FAST_MATH = YES;
				SDKROOT = iphoneos;
				SWIFT_COMPILATION_MODE = wholemodule;
				SWIFT_OPTIMIZATION_LEVEL = "-O";
				VALIDATE_PRODUCT = YES;
			};
			name = Release;
		};
		D7D71E19278FE60100A98AB7 /* Debug */ = {
			isa = XCBuildConfiguration;
			baseConfigurationReference = 11D14E61CFA0BBC6291F811C /* Pods-seatgeek-iOS.debug.xcconfig */;
			buildSettings = {
				ASSETCATALOG_COMPILER_APPICON_NAME = AppIcon;
				ASSETCATALOG_COMPILER_GLOBAL_ACCENT_COLOR_NAME = AccentColor;
				CODE_SIGN_STYLE = Automatic;
				CURRENT_PROJECT_VERSION = 1;
				DEVELOPMENT_TEAM = 7B4H9BR599;
				GENERATE_INFOPLIST_FILE = YES;
				INFOPLIST_FILE = "seatgeek-iOS/Info.plist";
				INFOPLIST_KEY_UIApplicationSupportsIndirectInputEvents = YES;
				INFOPLIST_KEY_UILaunchStoryboardName = LaunchScreen;
				INFOPLIST_KEY_UIMainStoryboardFile = Main;
				INFOPLIST_KEY_UISupportedInterfaceOrientations_iPad = "UIInterfaceOrientationPortrait UIInterfaceOrientationPortraitUpsideDown UIInterfaceOrientationLandscapeLeft UIInterfaceOrientationLandscapeRight";
				INFOPLIST_KEY_UISupportedInterfaceOrientations_iPhone = "UIInterfaceOrientationPortrait UIInterfaceOrientationLandscapeLeft UIInterfaceOrientationLandscapeRight";
				LD_RUNPATH_SEARCH_PATHS = (
					"$(inherited)",
					"@executable_path/Frameworks",
				);
				MARKETING_VERSION = 1.0;
				PRODUCT_BUNDLE_IDENTIFIER = "mobissiweb.seatgeek.com.seatgeek-iOS";
				PRODUCT_NAME = "$(TARGET_NAME)";
				SWIFT_EMIT_LOC_STRINGS = YES;
				SWIFT_VERSION = 5.0;
				TARGETED_DEVICE_FAMILY = "1,2";
			};
			name = Debug;
		};
		D7D71E1A278FE60100A98AB7 /* Release */ = {
			isa = XCBuildConfiguration;
			baseConfigurationReference = 5B4909EB14AD96703E4DE4CE /* Pods-seatgeek-iOS.release.xcconfig */;
			buildSettings = {
				ASSETCATALOG_COMPILER_APPICON_NAME = AppIcon;
				ASSETCATALOG_COMPILER_GLOBAL_ACCENT_COLOR_NAME = AccentColor;
				CODE_SIGN_STYLE = Automatic;
				CURRENT_PROJECT_VERSION = 1;
				DEVELOPMENT_TEAM = 7B4H9BR599;
				GENERATE_INFOPLIST_FILE = YES;
				INFOPLIST_FILE = "seatgeek-iOS/Info.plist";
				INFOPLIST_KEY_UIApplicationSupportsIndirectInputEvents = YES;
				INFOPLIST_KEY_UILaunchStoryboardName = LaunchScreen;
				INFOPLIST_KEY_UIMainStoryboardFile = Main;
				INFOPLIST_KEY_UISupportedInterfaceOrientations_iPad = "UIInterfaceOrientationPortrait UIInterfaceOrientationPortraitUpsideDown UIInterfaceOrientationLandscapeLeft UIInterfaceOrientationLandscapeRight";
				INFOPLIST_KEY_UISupportedInterfaceOrientations_iPhone = "UIInterfaceOrientationPortrait UIInterfaceOrientationLandscapeLeft UIInterfaceOrientationLandscapeRight";
				LD_RUNPATH_SEARCH_PATHS = (
					"$(inherited)",
					"@executable_path/Frameworks",
				);
				MARKETING_VERSION = 1.0;
				PRODUCT_BUNDLE_IDENTIFIER = "mobissiweb.seatgeek.com.seatgeek-iOS";
				PRODUCT_NAME = "$(TARGET_NAME)";
				SWIFT_EMIT_LOC_STRINGS = YES;
				SWIFT_VERSION = 5.0;
				TARGETED_DEVICE_FAMILY = "1,2";
			};
			name = Release;
		};
/* End XCBuildConfiguration section */

/* Begin XCConfigurationList section */
		D7D71DFF278FE60000A98AB7 /* Build configuration list for PBXProject "seatgeek-iOS" */ = {
			isa = XCConfigurationList;
			buildConfigurations = (
				D7D71E16278FE60100A98AB7 /* Debug */,
				D7D71E17278FE60100A98AB7 /* Release */,
			);
			defaultConfigurationIsVisible = 0;
			defaultConfigurationName = Release;
		};
		D7D71E18278FE60100A98AB7 /* Build configuration list for PBXNativeTarget "seatgeek-iOS" */ = {
			isa = XCConfigurationList;
			buildConfigurations = (
				D7D71E19278FE60100A98AB7 /* Debug */,
				D7D71E1A278FE60100A98AB7 /* Release */,
			);
			defaultConfigurationIsVisible = 0;
			defaultConfigurationName = Release;
		};
/* End XCConfigurationList section */
	};
	rootObject = D7D71DFC278FE60000A98AB7 /* Project object */;
}
